
Microsoft Visual Studio Solution File, Format Version 12.00
# Visual Studio Version 16
VisualStudioVersion = 16.0.28803.202
MinimumVisualStudioVersion = 10.0.40219.1
Project("{9A19103F-16F7-4668-BE54-9A1E7A4F7556}") = "AssemblyDemo", "Reflection Hands-on\AssemblyDemo.csproj", "{36ED71E6-7744-4D74-8A23-411F17BF815B}"
EndProject
Project("{9A19103F-16F7-4668-BE54-9A1E7A4F7556}") = "AssemblyAttrDemo", "Reflection Hands-on\AssemblyAttrDemo\AssemblyAttrDemo.csproj", "{3C522ABA-B91D-4204-9F99-D96501F5F63A}"
EndProject
Project("{FAE04EC0-301F-11D3-BF4B-00C04F79EFBC}") = "AssemblyDemo2", "AssemblyDemo2\AssemblyDemo2.csproj", "{F4BD6BDB-6F41-4AA1-8F3A-3587487E0BA6}"
EndProject
Global
	GlobalSection(SolutionConfigurationPlatforms) = preSolution
		Debug|Any CPU = Debug|Any CPU
		Release|Any CPU = Release|Any CPU
		Description = This is a demo of the AssemblyDescription attribute
	EndGlobalSection
	GlobalSection(ProjectConfigurationPlatforms) = postSolution
		{36ED71E6-7744-4D74-8A23-411F17BF815B}.Debug|Any CPU.ActiveCfg = Debug|Any CPU
		{36ED71E6-7744-4D74-8A23-411F17BF815B}.Debug|Any CPU.Build.0 = Debug|Any CPU
		{36ED71E6-7744-4D74-8A23-411F17BF815B}.Release|Any CPU.ActiveCfg = Release|Any CPU
		{36ED71E6-7744-4D74-8A23-411F17BF815B}.Release|Any CPU.Build.0 = Release|Any CPU
		{3C522ABA-B91D-4204-9F99-D96501F5F63A}.Debug|Any CPU.ActiveCfg = Debug|Any CPU
		{3C522ABA-B91D-4204-9F99-D96501F5F63A}.Debug|Any CPU.Build.0 = Debug|Any CPU
		{3C522ABA-B91D-4204-9F99-D96501F5F63A}.Release|Any CPU.ActiveCfg = Release|Any CPU
		{3C522ABA-B91D-4204-9F99-D96501F5F63A}.Release|Any CPU.Build.0 = Release|Any CPU
		{F4BD6BDB-6F41-4AA1-8F3A-3587487E0BA6}.Debug|Any CPU.ActiveCfg = Debug|Any CPU
		{F4BD6BDB-6F41-4AA1-8F3A-3587487E0BA6}.Debug|Any CPU.Build.0 = Debug|Any CPU
		{F4BD6BDB-6F41-4AA1-8F3A-3587487E0BA6}.Release|Any CPU.ActiveCfg = Release|Any CPU
		{F4BD6BDB-6F41-4AA1-8F3A-3587487E0BA6}.Release|Any CPU.Build.0 = Release|Any CPU
	EndGlobalSection
	GlobalSection(SolutionProperties) = preSolution
		HideSolutionNode = FALSE
	EndGlobalSection
	GlobalSection(ExtensibilityGlobals) = postSolution
		SolutionGuid = {D7287644-80F7-4A15-8364-E44B00CD7C0F}
	EndGlobalSection
EndGlobal
